// !$*UTF8*$!
{
	archiveVersion = 1;
	classes = {
	};
	objectVersion = 55;
	objects = {

/* Begin PBXBuildFile section */
		BB4FF7082839491A00EA4506 /* main.swift in Sources */ = {isa = PBXBuildFile; fileRef = BB4FF7072839491A00EA4506 /* main.swift */; };
/* End PBXBuildFile section */

/* Begin PBXCopyFilesBuildPhase section */
		BB4FF7022839491A00EA4506 /* CopyFiles */ = {
			isa = PBXCopyFilesBuildPhase;
			buildActionMask = 2147483647;
			dstPath = /usr/share/man/man1/;
			dstSubfolderSpec = 0;
			files = (
			);
			runOnlyForDeploymentPostprocessing = 1;
		};
/* End PBXCopyFilesBuildPhase section */

/* Begin PBXFileReference section */
		BB120F35283CDB9300F361A1 /* 06603.swift */ = {isa = PBXFileReference; lastKnownFileType = sourcecode.swift; path = 06603.swift; sourceTree = "<group>"; };
		BB120F37283CE27300F361A1 /* 01759.swift */ = {isa = PBXFileReference; lastKnownFileType = sourcecode.swift; path = 01759.swift; sourceTree = "<group>"; };
		BB4FF7042839491A00EA4506 /* Algorithm */ = {isa = PBXFileReference; explicitFileType = "compiled.mach-o.executable"; includeInIndex = 0; path = Algorithm; sourceTree = BUILT_PRODUCTS_DIR; };
		BB4FF7072839491A00EA4506 /* main.swift */ = {isa = PBXFileReference; lastKnownFileType = sourcecode.swift; path = main.swift; sourceTree = "<group>"; };
		BB4FF713283949D200EA4506 /* 15650.swift */ = {isa = PBXFileReference; lastKnownFileType = sourcecode.swift; path = 15650.swift; sourceTree = "<group>"; };
		BB4FF71528394D5C00EA4506 /* 15651.swift */ = {isa = PBXFileReference; lastKnownFileType = sourcecode.swift; path = 15651.swift; sourceTree = "<group>"; };
		BB4FF71928395DFC00EA4506 /* 15652.swift */ = {isa = PBXFileReference; lastKnownFileType = sourcecode.swift; path = 15652.swift; sourceTree = "<group>"; };
		BB4FF71C2839F88800EA4506 /* 15654.swift */ = {isa = PBXFileReference; lastKnownFileType = sourcecode.swift; path = 15654.swift; sourceTree = "<group>"; };
		BB4FF71E2839FB5C00EA4506 /* 15655.swift */ = {isa = PBXFileReference; lastKnownFileType = sourcecode.swift; path = 15655.swift; sourceTree = "<group>"; };
		BB4FF7202839FBA300EA4506 /* 15656.swift */ = {isa = PBXFileReference; lastKnownFileType = sourcecode.swift; path = 15656.swift; sourceTree = "<group>"; };
		BB4FF723283AC66E00EA4506 /* 15657.swift */ = {isa = PBXFileReference; lastKnownFileType = sourcecode.swift; path = 15657.swift; sourceTree = "<group>"; };
		BB4FF729283B6F3D00EA4506 /* 15663.swift */ = {isa = PBXFileReference; lastKnownFileType = sourcecode.swift; path = 15663.swift; sourceTree = "<group>"; };
		BB4FF72B283B7B4700EA4506 /* 15664.swift */ = {isa = PBXFileReference; lastKnownFileType = sourcecode.swift; path = 15664.swift; sourceTree = "<group>"; };
		BB78C173283C177000724253 /* 15665.swift */ = {isa = PBXFileReference; lastKnownFileType = sourcecode.swift; path = 15665.swift; sourceTree = "<group>"; };
		BB78C175283C192A00724253 /* 15666.swift */ = {isa = PBXFileReference; lastKnownFileType = sourcecode.swift; path = 15666.swift; sourceTree = "<group>"; };
/* End PBXFileReference section */

/* Begin PBXFrameworksBuildPhase section */
		BB4FF7012839491A00EA4506 /* Frameworks */ = {
			isa = PBXFrameworksBuildPhase;
			buildActionMask = 2147483647;
			files = (
			);
			runOnlyForDeploymentPostprocessing = 0;
		};
/* End PBXFrameworksBuildPhase section */

/* Begin PBXGroup section */
		BB120F34283CC28000F361A1 /* LEVEL 1 */ = {
			isa = PBXGroup;
			children = (
			);
			path = "LEVEL 1";
			sourceTree = "<group>";
		};
		BB4FF6FB2839491A00EA4506 = {
			isa = PBXGroup;
			children = (
				BB4FF7062839491A00EA4506 /* Algorithm */,
				BB4FF7052839491A00EA4506 /* Products */,
			);
			sourceTree = "<group>";
		};
		BB4FF7052839491A00EA4506 /* Products */ = {
			isa = PBXGroup;
			children = (
				BB4FF7042839491A00EA4506 /* Algorithm */,
			);
			name = Products;
			sourceTree = "<group>";
		};
		BB4FF7062839491A00EA4506 /* Algorithm */ = {
			isa = PBXGroup;
			children = (
				BB4FF7072839491A00EA4506 /* main.swift */,
				BB4FF70F2839492B00EA4506 /* BOJ */,
				BB4FF70E2839492900EA4506 /* Programmers */,
			);
			path = Algorithm;
			sourceTree = "<group>";
		};
		BB4FF70E2839492900EA4506 /* Programmers */ = {
			isa = PBXGroup;
			children = (
				BB120F34283CC28000F361A1 /* LEVEL 1 */,
			);
			path = Programmers;
			sourceTree = "<group>";
		};
		BB4FF70F2839492B00EA4506 /* BOJ */ = {
			isa = PBXGroup;
			children = (
				BB4FF710283949B000EA4506 /* 백트래킹 */,
			);
			path = BOJ;
			sourceTree = "<group>";
		};
		BB4FF710283949B000EA4506 /* 백트래킹 */ = {
			isa = PBXGroup;
			children = (
				BB120F37283CE27300F361A1 /* 01759.swift */,
				BB120F35283CDB9300F361A1 /* 06603.swift */,
				BB4FF713283949D200EA4506 /* 15650.swift */,
				BB4FF71528394D5C00EA4506 /* 15651.swift */,
				BB4FF71928395DFC00EA4506 /* 15652.swift */,
				BB4FF71C2839F88800EA4506 /* 15654.swift */,
				BB4FF71E2839FB5C00EA4506 /* 15655.swift */,
				BB4FF7202839FBA300EA4506 /* 15656.swift */,
				BB4FF723283AC66E00EA4506 /* 15657.swift */,
				BB4FF729283B6F3D00EA4506 /* 15663.swift */,
				BB4FF72B283B7B4700EA4506 /* 15664.swift */,
				BB78C173283C177000724253 /* 15665.swift */,
				BB78C175283C192A00724253 /* 15666.swift */,
			);
			name = "백트래킹";
			path = "백트래킹";
			sourceTree = "<group>";
		};
/* End PBXGroup section */

/* Begin PBXNativeTarget section */
		BB4FF7032839491A00EA4506 /* Algorithm */ = {
			isa = PBXNativeTarget;
			buildConfigurationList = BB4FF70B2839491A00EA4506 /* Build configuration list for PBXNativeTarget "Algorithm" */;
			buildPhases = (
				BB4FF7002839491A00EA4506 /* Sources */,
				BB4FF7012839491A00EA4506 /* Frameworks */,
				BB4FF7022839491A00EA4506 /* CopyFiles */,
			);
			buildRules = (
			);
			dependencies = (
			);
			name = Algorithm;
			productName = Algorithm;
			productReference = BB4FF7042839491A00EA4506 /* Algorithm */;
			productType = "com.apple.product-type.tool";
		};
/* End PBXNativeTarget section */

/* Begin PBXProject section */
		BB4FF6FC2839491A00EA4506 /* Project object */ = {
			isa = PBXProject;
			attributes = {
				BuildIndependentTargetsInParallel = 1;
				LastSwiftUpdateCheck = 1320;
				LastUpgradeCheck = 1320;
				TargetAttributes = {
					BB4FF7032839491A00EA4506 = {
						CreatedOnToolsVersion = 13.2.1;
					};
				};
			};
			buildConfigurationList = BB4FF6FF2839491A00EA4506 /* Build configuration list for PBXProject "Algorithm" */;
			compatibilityVersion = "Xcode 13.0";
			developmentRegion = en;
			hasScannedForEncodings = 0;
			knownRegions = (
				en,
				Base,
			);
			mainGroup = BB4FF6FB2839491A00EA4506;
			productRefGroup = BB4FF7052839491A00EA4506 /* Products */;
			projectDirPath = "";
			projectRoot = "";
			targets = (
				BB4FF7032839491A00EA4506 /* Algorithm */,
			);
		};
/* End PBXProject section */

/* Begin PBXSourcesBuildPhase section */
		BB4FF7002839491A00EA4506 /* Sources */ = {
			isa = PBXSourcesBuildPhase;
			buildActionMask = 2147483647;
			files = (
				BB4FF7082839491A00EA4506 /* main.swift in Sources */,
			);
			runOnlyForDeploymentPostprocessing = 0;
		};
/* End PBXSourcesBuildPhase section */

/* Begin XCBuildConfiguration section */
		BB4FF7092839491A00EA4506 /* Debug */ = {
			isa = XCBuildConfiguration;
			buildSettings = {
				ALWAYS_SEARCH_USER_PATHS = NO;
				CLANG_ANALYZER_NONNULL = YES;
				CLANG_ANALYZER_NUMBER_OBJECT_CONVERSION = YES_AGGRESSIVE;
				CLANG_CXX_LANGUAGE_STANDARD = "gnu++17";
				CLANG_CXX_LIBRARY = "libc++";
				CLANG_ENABLE_MODULES = YES;
				CLANG_ENABLE_OBJC_ARC = YES;
				CLANG_ENABLE_OBJC_WEAK = YES;
				CLANG_WARN_BLOCK_CAPTURE_AUTORELEASING = YES;
				CLANG_WARN_BOOL_CONVERSION = YES;
				CLANG_WARN_COMMA = YES;
				CLANG_WARN_CONSTANT_CONVERSION = YES;
				CLANG_WARN_DEPRECATED_OBJC_IMPLEMENTATIONS = YES;
				CLANG_WARN_DIRECT_OBJC_ISA_USAGE = YES_ERROR;
				CLANG_WARN_DOCUMENTATION_COMMENTS = YES;
				CLANG_WARN_EMPTY_BODY = YES;
				CLANG_WARN_ENUM_CONVERSION = YES;
				CLANG_WARN_INFINITE_RECURSION = YES;
				CLANG_WARN_INT_CONVERSION = YES;
				CLANG_WARN_NON_LITERAL_NULL_CONVERSION = YES;
				CLANG_WARN_OBJC_IMPLICIT_RETAIN_SELF = YES;
				CLANG_WARN_OBJC_LITERAL_CONVERSION = YES;
				CLANG_WARN_OBJC_ROOT_CLASS = YES_ERROR;
				CLANG_WARN_QUOTED_INCLUDE_IN_FRAMEWORK_HEADER = YES;
				CLANG_WARN_RANGE_LOOP_ANALYSIS = YES;
				CLANG_WARN_STRICT_PROTOTYPES = YES;
				CLANG_WARN_SUSPICIOUS_MOVE = YES;
				CLANG_WARN_UNGUARDED_AVAILABILITY = YES_AGGRESSIVE;
				CLANG_WARN_UNREACHABLE_CODE = YES;
				CLANG_WARN__DUPLICATE_METHOD_MATCH = YES;
				COPY_PHASE_STRIP = NO;
				DEBUG_INFORMATION_FORMAT = dwarf;
				ENABLE_STRICT_OBJC_MSGSEND = YES;
				ENABLE_TESTABILITY = YES;
				GCC_C_LANGUAGE_STANDARD = gnu11;
				GCC_DYNAMIC_NO_PIC = NO;
				GCC_NO_COMMON_BLOCKS = YES;
				GCC_OPTIMIZATION_LEVEL = 0;
				GCC_PREPROCESSOR_DEFINITIONS = (
					"DEBUG=1",
					"$(inherited)",
				);
				GCC_WARN_64_TO_32_BIT_CONVERSION = YES;
				GCC_WARN_ABOUT_RETURN_TYPE = YES_ERROR;
				GCC_WARN_UNDECLARED_SELECTOR = YES;
				GCC_WARN_UNINITIALIZED_AUTOS = YES_AGGRESSIVE;
				GCC_WARN_UNUSED_FUNCTION = YES;
				GCC_WARN_UNUSED_VARIABLE = YES;
				MACOSX_DEPLOYMENT_TARGET = 12.1;
				MTL_ENABLE_DEBUG_INFO = INCLUDE_SOURCE;
				MTL_FAST_MATH = YES;
				ONLY_ACTIVE_ARCH = YES;
				SDKROOT = macosx;
				SWIFT_ACTIVE_COMPILATION_CONDITIONS = DEBUG;
				SWIFT_OPTIMIZATION_LEVEL = "-Onone";
			};
			name = Debug;
		};
		BB4FF70A2839491A00EA4506 /* Release */ = {
			isa = XCBuildConfiguration;
			buildSettings = {
				ALWAYS_SEARCH_USER_PATHS = NO;
				CLANG_ANALYZER_NONNULL = YES;
				CLANG_ANALYZER_NUMBER_OBJECT_CONVERSION = YES_AGGRESSIVE;
				CLANG_CXX_LANGUAGE_STANDARD = "gnu++17";
				CLANG_CXX_LIBRARY = "libc++";
				CLANG_ENABLE_MODULES = YES;
				CLANG_ENABLE_OBJC_ARC = YES;
				CLANG_ENABLE_OBJC_WEAK = YES;
				CLANG_WARN_BLOCK_CAPTURE_AUTORELEASING = YES;
				CLANG_WARN_BOOL_CONVERSION = YES;
				CLANG_WARN_COMMA = YES;
				CLANG_WARN_CONSTANT_CONVERSION = YES;
				CLANG_WARN_DEPRECATED_OBJC_IMPLEMENTATIONS = YES;
				CLANG_WARN_DIRECT_OBJC_ISA_USAGE = YES_ERROR;
				CLANG_WARN_DOCUMENTATION_COMMENTS = YES;
				CLANG_WARN_EMPTY_BODY = YES;
				CLANG_WARN_ENUM_CONVERSION = YES;
				CLANG_WARN_INFINITE_RECURSION = YES;
				CLANG_WARN_INT_CONVERSION = YES;
				CLANG_WARN_NON_LITERAL_NULL_CONVERSION = YES;
				CLANG_WARN_OBJC_IMPLICIT_RETAIN_SELF = YES;
				CLANG_WARN_OBJC_LITERAL_CONVERSION = YES;
				CLANG_WARN_OBJC_ROOT_CLASS = YES_ERROR;
				CLANG_WARN_QUOTED_INCLUDE_IN_FRAMEWORK_HEADER = YES;
				CLANG_WARN_RANGE_LOOP_ANALYSIS = YES;
				CLANG_WARN_STRICT_PROTOTYPES = YES;
				CLANG_WARN_SUSPICIOUS_MOVE = YES;
				CLANG_WARN_UNGUARDED_AVAILABILITY = YES_AGGRESSIVE;
				CLANG_WARN_UNREACHABLE_CODE = YES;
				CLANG_WARN__DUPLICATE_METHOD_MATCH = YES;
				COPY_PHASE_STRIP = NO;
				DEBUG_INFORMATION_FORMAT = "dwarf-with-dsym";
				ENABLE_NS_ASSERTIONS = NO;
				ENABLE_STRICT_OBJC_MSGSEND = YES;
				GCC_C_LANGUAGE_STANDARD = gnu11;
				GCC_NO_COMMON_BLOCKS = YES;
				GCC_WARN_64_TO_32_BIT_CONVERSION = YES;
				GCC_WARN_ABOUT_RETURN_TYPE = YES_ERROR;
				GCC_WARN_UNDECLARED_SELECTOR = YES;
				GCC_WARN_UNINITIALIZED_AUTOS = YES_AGGRESSIVE;
				GCC_WARN_UNUSED_FUNCTION = YES;
				GCC_WARN_UNUSED_VARIABLE = YES;
				MACOSX_DEPLOYMENT_TARGET = 12.1;
				MTL_ENABLE_DEBUG_INFO = NO;
				MTL_FAST_MATH = YES;
				SDKROOT = macosx;
				SWIFT_COMPILATION_MODE = wholemodule;
				SWIFT_OPTIMIZATION_LEVEL = "-O";
			};
			name = Release;
		};
		BB4FF70C2839491A00EA4506 /* Debug */ = {
			isa = XCBuildConfiguration;
			buildSettings = {
				CODE_SIGN_STYLE = Automatic;
				DEVELOPMENT_TEAM = 92B5D498S7;
				ENABLE_HARDENED_RUNTIME = YES;
				PRODUCT_NAME = "$(TARGET_NAME)";
				SWIFT_VERSION = 5.0;
			};
			name = Debug;
		};
		BB4FF70D2839491A00EA4506 /* Release */ = {
			isa = XCBuildConfiguration;
			buildSettings = {
				CODE_SIGN_STYLE = Automatic;
				DEVELOPMENT_TEAM = 92B5D498S7;
				ENABLE_HARDENED_RUNTIME = YES;
				PRODUCT_NAME = "$(TARGET_NAME)";
				SWIFT_VERSION = 5.0;
			};
			name = Release;
		};
/* End XCBuildConfiguration section */

/* Begin XCConfigurationList section */
		BB4FF6FF2839491A00EA4506 /* Build configuration list for PBXProject "Algorithm" */ = {
			isa = XCConfigurationList;
			buildConfigurations = (
				BB4FF7092839491A00EA4506 /* Debug */,
				BB4FF70A2839491A00EA4506 /* Release */,
			);
			defaultConfigurationIsVisible = 0;
			defaultConfigurationName = Release;
		};
		BB4FF70B2839491A00EA4506 /* Build configuration list for PBXNativeTarget "Algorithm" */ = {
			isa = XCConfigurationList;
			buildConfigurations = (
				BB4FF70C2839491A00EA4506 /* Debug */,
				BB4FF70D2839491A00EA4506 /* Release */,
			);
			defaultConfigurationIsVisible = 0;
			defaultConfigurationName = Release;
		};
/* End XCConfigurationList section */
	};
	rootObject = BB4FF6FC2839491A00EA4506 /* Project object */;
}
